
Microsoft Visual Studio Solution File, Format Version 12.00
# Visual Studio Version 16
VisualStudioVersion = 16.0.29102.190
MinimumVisualStudioVersion = 10.0.40219.1
Project("{9A19103F-16F7-4668-BE54-9A1E7A4F7556}") = "War_chest", "War_chest.csproj", "{5991176E-62B3-4D77-B4ED-C151117EE0FF}"
EndProject
Project("{9A19103F-16F7-4668-BE54-9A1E7A4F7556}") = "Database", "..\Database\Database.csproj", "{96194BFF-91D4-47BC-8B8D-F52F76781748}"
EndProject
Global
	GlobalSection(SolutionConfigurationPlatforms) = preSolution
		Debug|Any CPU = Debug|Any CPU
		Release|Any CPU = Release|Any CPU
	EndGlobalSection
	GlobalSection(ProjectConfigurationPlatforms) = postSolution
		{5991176E-62B3-4D77-B4ED-C151117EE0FF}.Debug|Any CPU.ActiveCfg = Debug|Any CPU
		{5991176E-62B3-4D77-B4ED-C151117EE0FF}.Debug|Any CPU.Build.0 = Debug|Any CPU
		{5991176E-62B3-4D77-B4ED-C151117EE0FF}.Release|Any CPU.ActiveCfg = Release|Any CPU
		{5991176E-62B3-4D77-B4ED-C151117EE0FF}.Release|Any CPU.Build.0 = Release|Any CPU
		{96194BFF-91D4-47BC-8B8D-F52F76781748}.Debug|Any CPU.ActiveCfg = Debug|Any CPU
		{96194BFF-91D4-47BC-8B8D-F52F76781748}.Debug|Any CPU.Build.0 = Debug|Any CPU
		{96194BFF-91D4-47BC-8B8D-F52F76781748}.Release|Any CPU.ActiveCfg = Release|Any CPU
		{96194BFF-91D4-47BC-8B8D-F52F76781748}.Release|Any CPU.Build.0 = Release|Any CPU
	EndGlobalSection
	GlobalSection(SolutionProperties) = preSolution
		HideSolutionNode = FALSE
	EndGlobalSection
	GlobalSection(ExtensibilityGlobals) = postSolution
		SolutionGuid = {D959DAC4-631B-4946-A9E7-C1BE41FB06B4}
	EndGlobalSection
EndGlobal
